
Microsoft Visual Studio Solution File, Format Version 12.00
Project("{FAE04EC0-301F-11D3-BF4B-00C04F79EFBC}") = "BlazorApp", "BlazorApp.csproj", "{670A9E2E-2DB2-4594-81DF-76B6CFCF1648}"
EndProject
Global
	GlobalSection(SolutionConfigurationPlatforms) = preSolution
		Debug|Any CPU = Debug|Any CPU
		Release|Any CPU = Release|Any CPU
	EndGlobalSection
	GlobalSection(ProjectConfigurationPlatforms) = postSolution
		{670A9E2E-2DB2-4594-81DF-76B6CFCF1648}.Debug|Any CPU.ActiveCfg = Debug|Any CPU
		{670A9E2E-2DB2-4594-81DF-76B6CFCF1648}.Debug|Any CPU.Build.0 = Debug|Any CPU
		{670A9E2E-2DB2-4594-81DF-76B6CFCF1648}.Release|Any CPU.ActiveCfg = Release|Any CPU
		{670A9E2E-2DB2-4594-81DF-76B6CFCF1648}.Release|Any CPU.Build.0 = Release|Any CPU
	EndGlobalSection
EndGlobal
